
Microsoft Visual Studio Solution File, Format Version 12.00
# Visual Studio Version 16
VisualStudioVersion = 16.0.28803.352
MinimumVisualStudioVersion = 10.0.40219.1
Project("{FAE04EC0-301F-11D3-BF4B-00C04F79EFBC}") = "ConsoleApp42", "ConsoleApp42\ConsoleApp42.csproj", "{B492B507-C581-4F02-801C-3728C8C3D660}"
EndProject
Project("{FAE04EC0-301F-11D3-BF4B-00C04F79EFBC}") = "Test", "Test\Test.csproj", "{BFAFF41E-508C-488B-AD4B-B28285C6102E}"
EndProject
Global
	GlobalSection(SolutionConfigurationPlatforms) = preSolution
		Debug|Any CPU = Debug|Any CPU
		Release|Any CPU = Release|Any CPU
	EndGlobalSection
	GlobalSection(ProjectConfigurationPlatforms) = postSolution
		{B492B507-C581-4F02-801C-3728C8C3D660}.Debug|Any CPU.ActiveCfg = Debug|Any CPU
		{B492B507-C581-4F02-801C-3728C8C3D660}.Debug|Any CPU.Build.0 = Debug|Any CPU
		{B492B507-C581-4F02-801C-3728C8C3D660}.Release|Any CPU.ActiveCfg = Release|Any CPU
		{B492B507-C581-4F02-801C-3728C8C3D660}.Release|Any CPU.Build.0 = Release|Any CPU
		{BFAFF41E-508C-488B-AD4B-B28285C6102E}.Debug|Any CPU.ActiveCfg = Debug|Any CPU
		{BFAFF41E-508C-488B-AD4B-B28285C6102E}.Debug|Any CPU.Build.0 = Debug|Any CPU
		{BFAFF41E-508C-488B-AD4B-B28285C6102E}.Release|Any CPU.ActiveCfg = Release|Any CPU
		{BFAFF41E-508C-488B-AD4B-B28285C6102E}.Release|Any CPU.Build.0 = Release|Any CPU
	EndGlobalSection
	GlobalSection(SolutionProperties) = preSolution
		HideSolutionNode = FALSE
	EndGlobalSection
	GlobalSection(ExtensibilityGlobals) = postSolution
		SolutionGuid = {50245946-C601-4104-8497-4AA102DFE0DB}
	EndGlobalSection
EndGlobal
