
Microsoft Visual Studio Solution File, Format Version 12.00
# Visual Studio 15
VisualStudioVersion = 15.0.28307.489
MinimumVisualStudioVersion = 10.0.40219.1
Project("{FAE04EC0-301F-11D3-BF4B-00C04F79EFBC}") = "ConsoleApp18", "ConsoleApp18\ConsoleApp18.csproj", "{F1BEAEB3-848C-4CA4-9C01-F07F5FDF47BC}"
EndProject
Global
	GlobalSection(SolutionConfigurationPlatforms) = preSolution
		Debug|Any CPU = Debug|Any CPU
		Release|Any CPU = Release|Any CPU
	EndGlobalSection
	GlobalSection(ProjectConfigurationPlatforms) = postSolution
		{F1BEAEB3-848C-4CA4-9C01-F07F5FDF47BC}.Debug|Any CPU.ActiveCfg = Debug|Any CPU
		{F1BEAEB3-848C-4CA4-9C01-F07F5FDF47BC}.Debug|Any CPU.Build.0 = Debug|Any CPU
		{F1BEAEB3-848C-4CA4-9C01-F07F5FDF47BC}.Release|Any CPU.ActiveCfg = Release|Any CPU
		{F1BEAEB3-848C-4CA4-9C01-F07F5FDF47BC}.Release|Any CPU.Build.0 = Release|Any CPU
	EndGlobalSection
	GlobalSection(SolutionProperties) = preSolution
		HideSolutionNode = FALSE
	EndGlobalSection
	GlobalSection(ExtensibilityGlobals) = postSolution
		SolutionGuid = {A943A742-0582-430D-AEED-8D05FBF093D3}
	EndGlobalSection
EndGlobal
