
Microsoft Visual Studio Solution File, Format Version 12.00
# Visual Studio 15
VisualStudioVersion = 15.0.28307.489
MinimumVisualStudioVersion = 10.0.40219.1
Project("{FAE04EC0-301F-11D3-BF4B-00C04F79EFBC}") = "ConsoleApp21", "ConsoleApp21\ConsoleApp21.csproj", "{1458B718-0A83-475F-9842-0C4238D2031A}"
EndProject
Global
	GlobalSection(SolutionConfigurationPlatforms) = preSolution
		Debug|Any CPU = Debug|Any CPU
		Release|Any CPU = Release|Any CPU
	EndGlobalSection
	GlobalSection(ProjectConfigurationPlatforms) = postSolution
		{1458B718-0A83-475F-9842-0C4238D2031A}.Debug|Any CPU.ActiveCfg = Debug|Any CPU
		{1458B718-0A83-475F-9842-0C4238D2031A}.Debug|Any CPU.Build.0 = Debug|Any CPU
		{1458B718-0A83-475F-9842-0C4238D2031A}.Release|Any CPU.ActiveCfg = Release|Any CPU
		{1458B718-0A83-475F-9842-0C4238D2031A}.Release|Any CPU.Build.0 = Release|Any CPU
	EndGlobalSection
	GlobalSection(SolutionProperties) = preSolution
		HideSolutionNode = FALSE
	EndGlobalSection
	GlobalSection(ExtensibilityGlobals) = postSolution
		SolutionGuid = {535025A6-619C-4A0B-9286-EF3559B0362E}
	EndGlobalSection
EndGlobal
