
Microsoft Visual Studio Solution File, Format Version 12.00
# Visual Studio 15
VisualStudioVersion = 15.0.28307.489
MinimumVisualStudioVersion = 10.0.40219.1
Project("{FAE04EC0-301F-11D3-BF4B-00C04F79EFBC}") = "ConsoleApp26", "ConsoleApp26\ConsoleApp26.csproj", "{D7C26814-4845-446D-985D-76C0CDC80CED}"
EndProject
Global
	GlobalSection(SolutionConfigurationPlatforms) = preSolution
		Debug|Any CPU = Debug|Any CPU
		Release|Any CPU = Release|Any CPU
	EndGlobalSection
	GlobalSection(ProjectConfigurationPlatforms) = postSolution
		{D7C26814-4845-446D-985D-76C0CDC80CED}.Debug|Any CPU.ActiveCfg = Debug|Any CPU
		{D7C26814-4845-446D-985D-76C0CDC80CED}.Debug|Any CPU.Build.0 = Debug|Any CPU
		{D7C26814-4845-446D-985D-76C0CDC80CED}.Release|Any CPU.ActiveCfg = Release|Any CPU
		{D7C26814-4845-446D-985D-76C0CDC80CED}.Release|Any CPU.Build.0 = Release|Any CPU
	EndGlobalSection
	GlobalSection(SolutionProperties) = preSolution
		HideSolutionNode = FALSE
	EndGlobalSection
	GlobalSection(ExtensibilityGlobals) = postSolution
		SolutionGuid = {B926FA27-C9F2-40FD-9041-41B4B8C543BE}
	EndGlobalSection
EndGlobal
